// !$*UTF8*$!
{
	archiveVersion = 1;
	classes = {
	};
	objectVersion = 52;
	objects = {

/* Begin PBXBuildFile section */
		E440A8632488D52100B3CC7C /* PixelExtractor.swift in Sources */ = {isa = PBXBuildFile; fileRef = E440A8622488D52100B3CC7C /* PixelExtractor.swift */; };
		E440A8652488DC6200B3CC7C /* ColorPickerViewController.swift in Sources */ = {isa = PBXBuildFile; fileRef = E440A8642488DC6200B3CC7C /* ColorPickerViewController.swift */; };
		E440A8682489202900B3CC7C /* JGProgressHUD in Frameworks */ = {isa = PBXBuildFile; productRef = E440A8672489202900B3CC7C /* JGProgressHUD */; };
		E468D4142488A749007D4330 /* AppDelegate.swift in Sources */ = {isa = PBXBuildFile; fileRef = E468D4132488A749007D4330 /* AppDelegate.swift */; };
		E468D4162488A749007D4330 /* SceneDelegate.swift in Sources */ = {isa = PBXBuildFile; fileRef = E468D4152488A749007D4330 /* SceneDelegate.swift */; };
		E468D4182488A749007D4330 /* ViewController.swift in Sources */ = {isa = PBXBuildFile; fileRef = E468D4172488A749007D4330 /* ViewController.swift */; };
		E468D41B2488A749007D4330 /* Main.storyboard in Resources */ = {isa = PBXBuildFile; fileRef = E468D4192488A749007D4330 /* Main.storyboard */; };
		E468D41D2488A74A007D4330 /* Assets.xcassets in Resources */ = {isa = PBXBuildFile; fileRef = E468D41C2488A74A007D4330 /* Assets.xcassets */; };
		E468D4202488A74A007D4330 /* LaunchScreen.storyboard in Resources */ = {isa = PBXBuildFile; fileRef = E468D41E2488A74A007D4330 /* LaunchScreen.storyboard */; };
		E468D42D2488B129007D4330 /* Localizable.strings in Resources */ = {isa = PBXBuildFile; fileRef = E468D42F2488B129007D4330 /* Localizable.strings */; };
/* End PBXBuildFile section */

/* Begin PBXFileReference section */
		E440A8622488D52100B3CC7C /* PixelExtractor.swift */ = {isa = PBXFileReference; lastKnownFileType = sourcecode.swift; path = PixelExtractor.swift; sourceTree = "<group>"; };
		E440A8642488DC6200B3CC7C /* ColorPickerViewController.swift */ = {isa = PBXFileReference; lastKnownFileType = sourcecode.swift; path = ColorPickerViewController.swift; sourceTree = "<group>"; };
		E468D4102488A749007D4330 /* MakeBackground.app */ = {isa = PBXFileReference; explicitFileType = wrapper.application; includeInIndex = 0; path = MakeBackground.app; sourceTree = BUILT_PRODUCTS_DIR; };
		E468D4132488A749007D4330 /* AppDelegate.swift */ = {isa = PBXFileReference; lastKnownFileType = sourcecode.swift; path = AppDelegate.swift; sourceTree = "<group>"; };
		E468D4152488A749007D4330 /* SceneDelegate.swift */ = {isa = PBXFileReference; lastKnownFileType = sourcecode.swift; path = SceneDelegate.swift; sourceTree = "<group>"; };
		E468D4172488A749007D4330 /* ViewController.swift */ = {isa = PBXFileReference; lastKnownFileType = sourcecode.swift; path = ViewController.swift; sourceTree = "<group>"; };
		E468D41A2488A749007D4330 /* Base */ = {isa = PBXFileReference; lastKnownFileType = file.storyboard; name = Base; path = Base.lproj/Main.storyboard; sourceTree = "<group>"; };
		E468D41C2488A74A007D4330 /* Assets.xcassets */ = {isa = PBXFileReference; lastKnownFileType = folder.assetcatalog; path = Assets.xcassets; sourceTree = "<group>"; };
		E468D41F2488A74A007D4330 /* Base */ = {isa = PBXFileReference; lastKnownFileType = file.storyboard; name = Base; path = Base.lproj/LaunchScreen.storyboard; sourceTree = "<group>"; };
		E468D4212488A74A007D4330 /* Info.plist */ = {isa = PBXFileReference; lastKnownFileType = text.plist.xml; path = Info.plist; sourceTree = "<group>"; };
		E468D4272488B0C7007D4330 /* zh-Hant */ = {isa = PBXFileReference; lastKnownFileType = text.plist.strings; name = "zh-Hant"; path = "zh-Hant.lproj/Main.strings"; sourceTree = "<group>"; };
		E468D4282488B0D2007D4330 /* ja */ = {isa = PBXFileReference; lastKnownFileType = text.plist.strings; name = ja; path = ja.lproj/Main.strings; sourceTree = "<group>"; };
		E468D42E2488B129007D4330 /* en */ = {isa = PBXFileReference; lastKnownFileType = text.plist.strings; name = en; path = en.lproj/Localizable.strings; sourceTree = "<group>"; };
		E468D4302488B138007D4330 /* zh-Hant */ = {isa = PBXFileReference; lastKnownFileType = text.plist.strings; name = "zh-Hant"; path = "zh-Hant.lproj/Localizable.strings"; sourceTree = "<group>"; };
		E468D4312488B13B007D4330 /* ja */ = {isa = PBXFileReference; lastKnownFileType = text.plist.strings; name = ja; path = ja.lproj/Localizable.strings; sourceTree = "<group>"; };
/* End PBXFileReference section */

/* Begin PBXFrameworksBuildPhase section */
		E468D40D2488A749007D4330 /* Frameworks */ = {
			isa = PBXFrameworksBuildPhase;
			buildActionMask = 2147483647;
			files = (
				E440A8682489202900B3CC7C /* JGProgressHUD in Frameworks */,
			);
			runOnlyForDeploymentPostprocessing = 0;
		};
/* End PBXFrameworksBuildPhase section */

/* Begin PBXGroup section */
		E468D4072488A749007D4330 = {
			isa = PBXGroup;
			children = (
				E468D4122488A749007D4330 /* MakeBackground */,
				E468D4112488A749007D4330 /* Products */,
			);
			sourceTree = "<group>";
		};
		E468D4112488A749007D4330 /* Products */ = {
			isa = PBXGroup;
			children = (
				E468D4102488A749007D4330 /* MakeBackground.app */,
			);
			name = Products;
			sourceTree = "<group>";
		};
		E468D4122488A749007D4330 /* MakeBackground */ = {
			isa = PBXGroup;
			children = (
				E468D4132488A749007D4330 /* AppDelegate.swift */,
				E468D4152488A749007D4330 /* SceneDelegate.swift */,
				E468D4172488A749007D4330 /* ViewController.swift */,
				E440A8642488DC6200B3CC7C /* ColorPickerViewController.swift */,
				E468D4192488A749007D4330 /* Main.storyboard */,
				E468D41C2488A74A007D4330 /* Assets.xcassets */,
				E468D41E2488A74A007D4330 /* LaunchScreen.storyboard */,
				E468D4212488A74A007D4330 /* Info.plist */,
				E468D42F2488B129007D4330 /* Localizable.strings */,
				E440A8622488D52100B3CC7C /* PixelExtractor.swift */,
			);
			path = MakeBackground;
			sourceTree = "<group>";
		};
/* End PBXGroup section */

/* Begin PBXNativeTarget section */
		E468D40F2488A749007D4330 /* MakeBackground */ = {
			isa = PBXNativeTarget;
			buildConfigurationList = E468D4242488A74A007D4330 /* Build configuration list for PBXNativeTarget "MakeBackground" */;
			buildPhases = (
				E468D40C2488A749007D4330 /* Sources */,
				E468D40D2488A749007D4330 /* Frameworks */,
				E468D40E2488A749007D4330 /* Resources */,
			);
			buildRules = (
			);
			dependencies = (
			);
			name = MakeBackground;
			packageProductDependencies = (
				E440A8672489202900B3CC7C /* JGProgressHUD */,
			);
			productName = MakeBackground;
			productReference = E468D4102488A749007D4330 /* MakeBackground.app */;
			productType = "com.apple.product-type.application";
		};
/* End PBXNativeTarget section */

/* Begin PBXProject section */
		E468D4082488A749007D4330 /* Project object */ = {
			isa = PBXProject;
			attributes = {
				LastSwiftUpdateCheck = 1150;
				LastUpgradeCheck = 1150;
				ORGANIZATIONNAME = PINLUNDEV;
				TargetAttributes = {
					E468D40F2488A749007D4330 = {
						CreatedOnToolsVersion = 11.5;
					};
				};
			};
			buildConfigurationList = E468D40B2488A749007D4330 /* Build configuration list for PBXProject "MakeBackground" */;
			compatibilityVersion = "Xcode 9.3";
			developmentRegion = en;
			hasScannedForEncodings = 0;
			knownRegions = (
				en,
				Base,
				"zh-Hant",
				ja,
			);
			mainGroup = E468D4072488A749007D4330;
			packageReferences = (
				E440A8662489202900B3CC7C /* XCRemoteSwiftPackageReference "JGProgressHUD" */,
			);
			productRefGroup = E468D4112488A749007D4330 /* Products */;
			projectDirPath = "";
			projectRoot = "";
			targets = (
				E468D40F2488A749007D4330 /* MakeBackground */,
			);
		};
/* End PBXProject section */

/* Begin PBXResourcesBuildPhase section */
		E468D40E2488A749007D4330 /* Resources */ = {
			isa = PBXResourcesBuildPhase;
			buildActionMask = 2147483647;
			files = (
				E468D4202488A74A007D4330 /* LaunchScreen.storyboard in Resources */,
				E468D42D2488B129007D4330 /* Localizable.strings in Resources */,
				E468D41D2488A74A007D4330 /* Assets.xcassets in Resources */,
				E468D41B2488A749007D4330 /* Main.storyboard in Resources */,
			);
			runOnlyForDeploymentPostprocessing = 0;
		};
/* End PBXResourcesBuildPhase section */

/* Begin PBXSourcesBuildPhase section */
		E468D40C2488A749007D4330 /* Sources */ = {
			isa = PBXSourcesBuildPhase;
			buildActionMask = 2147483647;
			files = (
				E440A8652488DC6200B3CC7C /* ColorPickerViewController.swift in Sources */,
				E468D4182488A749007D4330 /* ViewController.swift in Sources */,
				E440A8632488D52100B3CC7C /* PixelExtractor.swift in Sources */,
				E468D4142488A749007D4330 /* AppDelegate.swift in Sources */,
				E468D4162488A749007D4330 /* SceneDelegate.swift in Sources */,
			);
			runOnlyForDeploymentPostprocessing = 0;
		};
/* End PBXSourcesBuildPhase section */

/* Begin PBXVariantGroup section */
		E468D4192488A749007D4330 /* Main.storyboard */ = {
			isa = PBXVariantGroup;
			children = (
				E468D41A2488A749007D4330 /* Base */,
				E468D4272488B0C7007D4330 /* zh-Hant */,
				E468D4282488B0D2007D4330 /* ja */,
			);
			name = Main.storyboard;
			sourceTree = "<group>";
		};
		E468D41E2488A74A007D4330 /* LaunchScreen.storyboard */ = {
			isa = PBXVariantGroup;
			children = (
				E468D41F2488A74A007D4330 /* Base */,
			);
			name = LaunchScreen.storyboard;
			sourceTree = "<group>";
		};
		E468D42F2488B129007D4330 /* Localizable.strings */ = {
			isa = PBXVariantGroup;
			children = (
				E468D42E2488B129007D4330 /* en */,
				E468D4302488B138007D4330 /* zh-Hant */,
				E468D4312488B13B007D4330 /* ja */,
			);
			name = Localizable.strings;
			sourceTree = "<group>";
		};
/* End PBXVariantGroup section */

/* Begin XCBuildConfiguration section */
		E468D4222488A74A007D4330 /* Debug */ = {
			isa = XCBuildConfiguration;
			buildSettings = {
				ALWAYS_SEARCH_USER_PATHS = NO;
				CLANG_ANALYZER_LOCALIZABILITY_NONLOCALIZED = YES;
				CLANG_ANALYZER_NONNULL = YES;
				CLANG_ANALYZER_NUMBER_OBJECT_CONVERSION = YES_AGGRESSIVE;
				CLANG_CXX_LANGUAGE_STANDARD = "gnu++14";
				CLANG_CXX_LIBRARY = "libc++";
				CLANG_ENABLE_MODULES = YES;
				CLANG_ENABLE_OBJC_ARC = YES;
				CLANG_ENABLE_OBJC_WEAK = YES;
				CLANG_WARN_BLOCK_CAPTURE_AUTORELEASING = YES;
				CLANG_WARN_BOOL_CONVERSION = YES;
				CLANG_WARN_COMMA = YES;
				CLANG_WARN_CONSTANT_CONVERSION = YES;
				CLANG_WARN_DEPRECATED_OBJC_IMPLEMENTATIONS = YES;
				CLANG_WARN_DIRECT_OBJC_ISA_USAGE = YES_ERROR;
				CLANG_WARN_DOCUMENTATION_COMMENTS = YES;
				CLANG_WARN_EMPTY_BODY = YES;
				CLANG_WARN_ENUM_CONVERSION = YES;
				CLANG_WARN_INFINITE_RECURSION = YES;
				CLANG_WARN_INT_CONVERSION = YES;
				CLANG_WARN_NON_LITERAL_NULL_CONVERSION = YES;
				CLANG_WARN_OBJC_IMPLICIT_RETAIN_SELF = YES;
				CLANG_WARN_OBJC_LITERAL_CONVERSION = YES;
				CLANG_WARN_OBJC_ROOT_CLASS = YES_ERROR;
				CLANG_WARN_RANGE_LOOP_ANALYSIS = YES;
				CLANG_WARN_STRICT_PROTOTYPES = YES;
				CLANG_WARN_SUSPICIOUS_MOVE = YES;
				CLANG_WARN_UNGUARDED_AVAILABILITY = YES_AGGRESSIVE;
				CLANG_WARN_UNREACHABLE_CODE = YES;
				CLANG_WARN__DUPLICATE_METHOD_MATCH = YES;
				COPY_PHASE_STRIP = NO;
				DEBUG_INFORMATION_FORMAT = dwarf;
				ENABLE_STRICT_OBJC_MSGSEND = YES;
				ENABLE_TESTABILITY = YES;
				GCC_C_LANGUAGE_STANDARD = gnu11;
				GCC_DYNAMIC_NO_PIC = NO;
				GCC_NO_COMMON_BLOCKS = YES;
				GCC_OPTIMIZATION_LEVEL = 0;
				GCC_PREPROCESSOR_DEFINITIONS = (
					"DEBUG=1",
					"$(inherited)",
				);
				GCC_WARN_64_TO_32_BIT_CONVERSION = YES;
				GCC_WARN_ABOUT_RETURN_TYPE = YES_ERROR;
				GCC_WARN_UNDECLARED_SELECTOR = YES;
				GCC_WARN_UNINITIALIZED_AUTOS = YES_AGGRESSIVE;
				GCC_WARN_UNUSED_FUNCTION = YES;
				GCC_WARN_UNUSED_VARIABLE = YES;
				IPHONEOS_DEPLOYMENT_TARGET = 13.5;
				MTL_ENABLE_DEBUG_INFO = INCLUDE_SOURCE;
				MTL_FAST_MATH = YES;
				ONLY_ACTIVE_ARCH = YES;
				SDKROOT = iphoneos;
				SWIFT_ACTIVE_COMPILATION_CONDITIONS = DEBUG;
				SWIFT_OPTIMIZATION_LEVEL = "-Onone";
			};
			name = Debug;
		};
		E468D4232488A74A007D4330 /* Release */ = {
			isa = XCBuildConfiguration;
			buildSettings = {
				ALWAYS_SEARCH_USER_PATHS = NO;
				CLANG_ANALYZER_LOCALIZABILITY_NONLOCALIZED = YES;
				CLANG_ANALYZER_NONNULL = YES;
				CLANG_ANALYZER_NUMBER_OBJECT_CONVERSION = YES_AGGRESSIVE;
				CLANG_CXX_LANGUAGE_STANDARD = "gnu++14";
				CLANG_CXX_LIBRARY = "libc++";
				CLANG_ENABLE_MODULES = YES;
				CLANG_ENABLE_OBJC_ARC = YES;
				CLANG_ENABLE_OBJC_WEAK = YES;
				CLANG_WARN_BLOCK_CAPTURE_AUTORELEASING = YES;
				CLANG_WARN_BOOL_CONVERSION = YES;
				CLANG_WARN_COMMA = YES;
				CLANG_WARN_CONSTANT_CONVERSION = YES;
				CLANG_WARN_DEPRECATED_OBJC_IMPLEMENTATIONS = YES;
				CLANG_WARN_DIRECT_OBJC_ISA_USAGE = YES_ERROR;
				CLANG_WARN_DOCUMENTATION_COMMENTS = YES;
				CLANG_WARN_EMPTY_BODY = YES;
				CLANG_WARN_ENUM_CONVERSION = YES;
				CLANG_WARN_INFINITE_RECURSION = YES;
				CLANG_WARN_INT_CONVERSION = YES;
				CLANG_WARN_NON_LITERAL_NULL_CONVERSION = YES;
				CLANG_WARN_OBJC_IMPLICIT_RETAIN_SELF = YES;
				CLANG_WARN_OBJC_LITERAL_CONVERSION = YES;
				CLANG_WARN_OBJC_ROOT_CLASS = YES_ERROR;
				CLANG_WARN_RANGE_LOOP_ANALYSIS = YES;
				CLANG_WARN_STRICT_PROTOTYPES = YES;
				CLANG_WARN_SUSPICIOUS_MOVE = YES;
				CLANG_WARN_UNGUARDED_AVAILABILITY = YES_AGGRESSIVE;
				CLANG_WARN_UNREACHABLE_CODE = YES;
				CLANG_WARN__DUPLICATE_METHOD_MATCH = YES;
				COPY_PHASE_STRIP = NO;
				DEBUG_INFORMATION_FORMAT = "dwarf-with-dsym";
				ENABLE_NS_ASSERTIONS = NO;
				ENABLE_STRICT_OBJC_MSGSEND = YES;
				GCC_C_LANGUAGE_STANDARD = gnu11;
				GCC_NO_COMMON_BLOCKS = YES;
				GCC_WARN_64_TO_32_BIT_CONVERSION = YES;
				GCC_WARN_ABOUT_RETURN_TYPE = YES_ERROR;
				GCC_WARN_UNDECLARED_SELECTOR = YES;
				GCC_WARN_UNINITIALIZED_AUTOS = YES_AGGRESSIVE;
				GCC_WARN_UNUSED_FUNCTION = YES;
				GCC_WARN_UNUSED_VARIABLE = YES;
				IPHONEOS_DEPLOYMENT_TARGET = 13.5;
				MTL_ENABLE_DEBUG_INFO = NO;
				MTL_FAST_MATH = YES;
				SDKROOT = iphoneos;
				SWIFT_COMPILATION_MODE = wholemodule;
				SWIFT_OPTIMIZATION_LEVEL = "-O";
				VALIDATE_PRODUCT = YES;
			};
			name = Release;
		};
		E468D4252488A74A007D4330 /* Debug */ = {
			isa = XCBuildConfiguration;
			buildSettings = {
				ASSETCATALOG_COMPILER_APPICON_NAME = AppIcon;
				CODE_SIGN_STYLE = Automatic;
				DEVELOPMENT_TEAM = GSS8KW76YU;
				INFOPLIST_FILE = MakeBackground/Info.plist;
				LD_RUNPATH_SEARCH_PATHS = (
					"$(inherited)",
					"@executable_path/Frameworks",
				);
				PRODUCT_BUNDLE_IDENTIFIER = com.pinlundev.MakeBackground;
				PRODUCT_NAME = "$(TARGET_NAME)";
				SWIFT_VERSION = 5.0;
				TARGETED_DEVICE_FAMILY = "1,2";
			};
			name = Debug;
		};
		E468D4262488A74A007D4330 /* Release */ = {
			isa = XCBuildConfiguration;
			buildSettings = {
				ASSETCATALOG_COMPILER_APPICON_NAME = AppIcon;
				CODE_SIGN_STYLE = Automatic;
				DEVELOPMENT_TEAM = GSS8KW76YU;
				INFOPLIST_FILE = MakeBackground/Info.plist;
				LD_RUNPATH_SEARCH_PATHS = (
					"$(inherited)",
					"@executable_path/Frameworks",
				);
				PRODUCT_BUNDLE_IDENTIFIER = com.pinlundev.MakeBackground;
				PRODUCT_NAME = "$(TARGET_NAME)";
				SWIFT_VERSION = 5.0;
				TARGETED_DEVICE_FAMILY = "1,2";
			};
			name = Release;
		};
/* End XCBuildConfiguration section */

/* Begin XCConfigurationList section */
		E468D40B2488A749007D4330 /* Build configuration list for PBXProject "MakeBackground" */ = {
			isa = XCConfigurationList;
			buildConfigurations = (
				E468D4222488A74A007D4330 /* Debug */,
				E468D4232488A74A007D4330 /* Release */,
			);
			defaultConfigurationIsVisible = 0;
			defaultConfigurationName = Release;
		};
		E468D4242488A74A007D4330 /* Build configuration list for PBXNativeTarget "MakeBackground" */ = {
			isa = XCConfigurationList;
			buildConfigurations = (
				E468D4252488A74A007D4330 /* Debug */,
				E468D4262488A74A007D4330 /* Release */,
			);
			defaultConfigurationIsVisible = 0;
			defaultConfigurationName = Release;
		};
/* End XCConfigurationList section */

/* Begin XCRemoteSwiftPackageReference section */
		E440A8662489202900B3CC7C /* XCRemoteSwiftPackageReference "JGProgressHUD" */ = {
			isa = XCRemoteSwiftPackageReference;
			repositoryURL = "https://github.com/JonasGessner/JGProgressHUD";
			requirement = {
				kind = upToNextMajorVersion;
				minimumVersion = 2.1.0;
			};
		};
/* End XCRemoteSwiftPackageReference section */

/* Begin XCSwiftPackageProductDependency section */
		E440A8672489202900B3CC7C /* JGProgressHUD */ = {
			isa = XCSwiftPackageProductDependency;
			package = E440A8662489202900B3CC7C /* XCRemoteSwiftPackageReference "JGProgressHUD" */;
			productName = JGProgressHUD;
		};
/* End XCSwiftPackageProductDependency section */
	};
	rootObject = E468D4082488A749007D4330 /* Project object */;
}
